
Microsoft Visual Studio Solution File, Format Version 12.00
# Visual Studio Version 17
VisualStudioVersion = 17.5.2.0
MinimumVisualStudioVersion = 10.0.40219.1
Project("{9A19103F-16F7-4668-BE54-9A1E7A4F7556}") = "PlatformService", "PlatformService\PlatformService.csproj", "{D92812B4-A8D1-4BD5-BA42-16EA80702EC9}"
EndProject
Project("{FAE04EC0-301F-11D3-BF4B-00C04F79EFBC}") = "CommandsService", "CommandsService\CommandsService.csproj", "{C1296BF6-CFA1-4B45-AB16-84013A644838}"
EndProject
Global
	GlobalSection(SolutionConfigurationPlatforms) = preSolution
		Debug|Any CPU = Debug|Any CPU
		Debug|x64 = Debug|x64
		Debug|x86 = Debug|x86
		Release|Any CPU = Release|Any CPU
		Release|x64 = Release|x64
		Release|x86 = Release|x86
	EndGlobalSection
	GlobalSection(ProjectConfigurationPlatforms) = postSolution
		{D92812B4-A8D1-4BD5-BA42-16EA80702EC9}.Debug|Any CPU.ActiveCfg = Debug|Any CPU
		{D92812B4-A8D1-4BD5-BA42-16EA80702EC9}.Debug|Any CPU.Build.0 = Debug|Any CPU
		{D92812B4-A8D1-4BD5-BA42-16EA80702EC9}.Debug|x64.ActiveCfg = Debug|Any CPU
		{D92812B4-A8D1-4BD5-BA42-16EA80702EC9}.Debug|x64.Build.0 = Debug|Any CPU
		{D92812B4-A8D1-4BD5-BA42-16EA80702EC9}.Debug|x86.ActiveCfg = Debug|Any CPU
		{D92812B4-A8D1-4BD5-BA42-16EA80702EC9}.Debug|x86.Build.0 = Debug|Any CPU
		{D92812B4-A8D1-4BD5-BA42-16EA80702EC9}.Release|Any CPU.ActiveCfg = Release|Any CPU
		{D92812B4-A8D1-4BD5-BA42-16EA80702EC9}.Release|Any CPU.Build.0 = Release|Any CPU
		{D92812B4-A8D1-4BD5-BA42-16EA80702EC9}.Release|x64.ActiveCfg = Release|Any CPU
		{D92812B4-A8D1-4BD5-BA42-16EA80702EC9}.Release|x64.Build.0 = Release|Any CPU
		{D92812B4-A8D1-4BD5-BA42-16EA80702EC9}.Release|x86.ActiveCfg = Release|Any CPU
		{D92812B4-A8D1-4BD5-BA42-16EA80702EC9}.Release|x86.Build.0 = Release|Any CPU
		{C1296BF6-CFA1-4B45-AB16-84013A644838}.Debug|Any CPU.ActiveCfg = Debug|Any CPU
		{C1296BF6-CFA1-4B45-AB16-84013A644838}.Debug|Any CPU.Build.0 = Debug|Any CPU
		{C1296BF6-CFA1-4B45-AB16-84013A644838}.Debug|x64.ActiveCfg = Debug|Any CPU
		{C1296BF6-CFA1-4B45-AB16-84013A644838}.Debug|x64.Build.0 = Debug|Any CPU
		{C1296BF6-CFA1-4B45-AB16-84013A644838}.Debug|x86.ActiveCfg = Debug|Any CPU
		{C1296BF6-CFA1-4B45-AB16-84013A644838}.Debug|x86.Build.0 = Debug|Any CPU
		{C1296BF6-CFA1-4B45-AB16-84013A644838}.Release|Any CPU.ActiveCfg = Release|Any CPU
		{C1296BF6-CFA1-4B45-AB16-84013A644838}.Release|Any CPU.Build.0 = Release|Any CPU
		{C1296BF6-CFA1-4B45-AB16-84013A644838}.Release|x64.ActiveCfg = Release|Any CPU
		{C1296BF6-CFA1-4B45-AB16-84013A644838}.Release|x64.Build.0 = Release|Any CPU
		{C1296BF6-CFA1-4B45-AB16-84013A644838}.Release|x86.ActiveCfg = Release|Any CPU
		{C1296BF6-CFA1-4B45-AB16-84013A644838}.Release|x86.Build.0 = Release|Any CPU
	EndGlobalSection
	GlobalSection(SolutionProperties) = preSolution
		HideSolutionNode = FALSE
	EndGlobalSection
	GlobalSection(ExtensibilityGlobals) = postSolution
		SolutionGuid = {9526B291-B30D-446E-B630-F3C3321EE091}
	EndGlobalSection
EndGlobal
